
Microsoft Visual Studio Solution File, Format Version 12.00
# Visual Studio 14
VisualStudioVersion = 14.0.25420.1
MinimumVisualStudioVersion = 10.0.40219.1
Project("{2150E333-8FDC-42A3-9474-1A3956D46DE8}") = "ProjectWP", "ProjectWP", "{9C7BA74E-96EA-4D1B-B068-880E11A573E6}"
EndProject
Project("{D954291E-2A0B-460D-934E-DC6B0785DB48}") = "ProjectWP.Shared", "ProjectWP\ProjectWP.Shared\ProjectWP.Shared.shproj", "{B8691A5C-64BE-4434-B823-605D78C75C28}"
EndProject
Project("{FAE04EC0-301F-11D3-BF4B-00C04F79EFBC}") = "ProjectWP.Windows", "ProjectWP\ProjectWP.Windows\ProjectWP.Windows.csproj", "{911F5C41-D8D0-489A-BAC4-CB4028F069B0}"
EndProject
Project("{FAE04EC0-301F-11D3-BF4B-00C04F79EFBC}") = "ProjectWP.WindowsPhone", "ProjectWP\ProjectWP.WindowsPhone\ProjectWP.WindowsPhone.csproj", "{A09B4867-7F68-42F1-8A94-749A49C6D9EC}"
EndProject
Global
	GlobalSection(SharedMSBuildProjectFiles) = preSolution
		ProjectWP\ProjectWP.Shared\ProjectWP.Shared.projitems*{911f5c41-d8d0-489a-bac4-cb4028f069b0}*SharedItemsImports = 4
		ProjectWP\ProjectWP.Shared\ProjectWP.Shared.projitems*{a09b4867-7f68-42f1-8a94-749a49c6d9ec}*SharedItemsImports = 4
		ProjectWP\ProjectWP.Shared\ProjectWP.Shared.projitems*{b8691a5c-64be-4434-b823-605d78c75c28}*SharedItemsImports = 13
	EndGlobalSection
	GlobalSection(SolutionConfigurationPlatforms) = preSolution
		Debug|Any CPU = Debug|Any CPU
		Debug|ARM = Debug|ARM
		Debug|x64 = Debug|x64
		Debug|x86 = Debug|x86
		Release|Any CPU = Release|Any CPU
		Release|ARM = Release|ARM
		Release|x64 = Release|x64
		Release|x86 = Release|x86
	EndGlobalSection
	GlobalSection(ProjectConfigurationPlatforms) = postSolution
		{911F5C41-D8D0-489A-BAC4-CB4028F069B0}.Debug|Any CPU.ActiveCfg = Debug|Any CPU
		{911F5C41-D8D0-489A-BAC4-CB4028F069B0}.Debug|Any CPU.Build.0 = Debug|Any CPU
		{911F5C41-D8D0-489A-BAC4-CB4028F069B0}.Debug|Any CPU.Deploy.0 = Debug|Any CPU
		{911F5C41-D8D0-489A-BAC4-CB4028F069B0}.Debug|ARM.ActiveCfg = Debug|ARM
		{911F5C41-D8D0-489A-BAC4-CB4028F069B0}.Debug|ARM.Build.0 = Debug|ARM
		{911F5C41-D8D0-489A-BAC4-CB4028F069B0}.Debug|ARM.Deploy.0 = Debug|ARM
		{911F5C41-D8D0-489A-BAC4-CB4028F069B0}.Debug|x64.ActiveCfg = Debug|x64
		{911F5C41-D8D0-489A-BAC4-CB4028F069B0}.Debug|x64.Build.0 = Debug|x64
		{911F5C41-D8D0-489A-BAC4-CB4028F069B0}.Debug|x64.Deploy.0 = Debug|x64
		{911F5C41-D8D0-489A-BAC4-CB4028F069B0}.Debug|x86.ActiveCfg = Debug|x86
		{911F5C41-D8D0-489A-BAC4-CB4028F069B0}.Debug|x86.Build.0 = Debug|x86
		{911F5C41-D8D0-489A-BAC4-CB4028F069B0}.Debug|x86.Deploy.0 = Debug|x86
		{911F5C41-D8D0-489A-BAC4-CB4028F069B0}.Release|Any CPU.ActiveCfg = Release|Any CPU
		{911F5C41-D8D0-489A-BAC4-CB4028F069B0}.Release|Any CPU.Build.0 = Release|Any CPU
		{911F5C41-D8D0-489A-BAC4-CB4028F069B0}.Release|Any CPU.Deploy.0 = Release|Any CPU
		{911F5C41-D8D0-489A-BAC4-CB4028F069B0}.Release|ARM.ActiveCfg = Release|ARM
		{911F5C41-D8D0-489A-BAC4-CB4028F069B0}.Release|ARM.Build.0 = Release|ARM
		{911F5C41-D8D0-489A-BAC4-CB4028F069B0}.Release|ARM.Deploy.0 = Release|ARM
		{911F5C41-D8D0-489A-BAC4-CB4028F069B0}.Release|x64.ActiveCfg = Release|x64
		{911F5C41-D8D0-489A-BAC4-CB4028F069B0}.Release|x64.Build.0 = Release|x64
		{911F5C41-D8D0-489A-BAC4-CB4028F069B0}.Release|x64.Deploy.0 = Release|x64
		{911F5C41-D8D0-489A-BAC4-CB4028F069B0}.Release|x86.ActiveCfg = Release|x86
		{911F5C41-D8D0-489A-BAC4-CB4028F069B0}.Release|x86.Build.0 = Release|x86
		{911F5C41-D8D0-489A-BAC4-CB4028F069B0}.Release|x86.Deploy.0 = Release|x86
		{A09B4867-7F68-42F1-8A94-749A49C6D9EC}.Debug|Any CPU.ActiveCfg = Debug|Any CPU
		{A09B4867-7F68-42F1-8A94-749A49C6D9EC}.Debug|Any CPU.Build.0 = Debug|Any CPU
		{A09B4867-7F68-42F1-8A94-749A49C6D9EC}.Debug|Any CPU.Deploy.0 = Debug|Any CPU
		{A09B4867-7F68-42F1-8A94-749A49C6D9EC}.Debug|ARM.ActiveCfg = Debug|ARM
		{A09B4867-7F68-42F1-8A94-749A49C6D9EC}.Debug|ARM.Build.0 = Debug|ARM
		{A09B4867-7F68-42F1-8A94-749A49C6D9EC}.Debug|ARM.Deploy.0 = Debug|ARM
		{A09B4867-7F68-42F1-8A94-749A49C6D9EC}.Debug|x64.ActiveCfg = Debug|Any CPU
		{A09B4867-7F68-42F1-8A94-749A49C6D9EC}.Debug|x64.Build.0 = Debug|Any CPU
		{A09B4867-7F68-42F1-8A94-749A49C6D9EC}.Debug|x64.Deploy.0 = Debug|Any CPU
		{A09B4867-7F68-42F1-8A94-749A49C6D9EC}.Debug|x86.ActiveCfg = Debug|x86
		{A09B4867-7F68-42F1-8A94-749A49C6D9EC}.Debug|x86.Build.0 = Debug|x86
		{A09B4867-7F68-42F1-8A94-749A49C6D9EC}.Debug|x86.Deploy.0 = Debug|x86
		{A09B4867-7F68-42F1-8A94-749A49C6D9EC}.Release|Any CPU.ActiveCfg = Release|Any CPU
		{A09B4867-7F68-42F1-8A94-749A49C6D9EC}.Release|Any CPU.Build.0 = Release|Any CPU
		{A09B4867-7F68-42F1-8A94-749A49C6D9EC}.Release|Any CPU.Deploy.0 = Release|Any CPU
		{A09B4867-7F68-42F1-8A94-749A49C6D9EC}.Release|ARM.ActiveCfg = Release|ARM
		{A09B4867-7F68-42F1-8A94-749A49C6D9EC}.Release|ARM.Build.0 = Release|ARM
		{A09B4867-7F68-42F1-8A94-749A49C6D9EC}.Release|ARM.Deploy.0 = Release|ARM
		{A09B4867-7F68-42F1-8A94-749A49C6D9EC}.Release|x64.ActiveCfg = Release|Any CPU
		{A09B4867-7F68-42F1-8A94-749A49C6D9EC}.Release|x64.Build.0 = Release|Any CPU
		{A09B4867-7F68-42F1-8A94-749A49C6D9EC}.Release|x64.Deploy.0 = Release|Any CPU
		{A09B4867-7F68-42F1-8A94-749A49C6D9EC}.Release|x86.ActiveCfg = Release|x86
		{A09B4867-7F68-42F1-8A94-749A49C6D9EC}.Release|x86.Build.0 = Release|x86
		{A09B4867-7F68-42F1-8A94-749A49C6D9EC}.Release|x86.Deploy.0 = Release|x86
	EndGlobalSection
	GlobalSection(SolutionProperties) = preSolution
		HideSolutionNode = FALSE
	EndGlobalSection
	GlobalSection(NestedProjects) = preSolution
		{B8691A5C-64BE-4434-B823-605D78C75C28} = {9C7BA74E-96EA-4D1B-B068-880E11A573E6}
		{911F5C41-D8D0-489A-BAC4-CB4028F069B0} = {9C7BA74E-96EA-4D1B-B068-880E11A573E6}
		{A09B4867-7F68-42F1-8A94-749A49C6D9EC} = {9C7BA74E-96EA-4D1B-B068-880E11A573E6}
	EndGlobalSection
EndGlobal
